
Microsoft Visual Studio Solution File, Format Version 12.00
# Visual Studio 15
VisualStudioVersion = 15.0.28010.2046
MinimumVisualStudioVersion = 10.0.40219.1
Project("{FAE04EC0-301F-11D3-BF4B-00C04F79EFBC}") = "TestUseGitHub", "TestUseGitHub\TestUseGitHub.csproj", "{97E4C865-7B4F-4743-A1E8-BD484F86B0D0}"
EndProject
Global
	GlobalSection(SolutionConfigurationPlatforms) = preSolution
		Debug|Any CPU = Debug|Any CPU
		Release|Any CPU = Release|Any CPU
	EndGlobalSection
	GlobalSection(ProjectConfigurationPlatforms) = postSolution
		{97E4C865-7B4F-4743-A1E8-BD484F86B0D0}.Debug|Any CPU.ActiveCfg = Debug|Any CPU
		{97E4C865-7B4F-4743-A1E8-BD484F86B0D0}.Debug|Any CPU.Build.0 = Debug|Any CPU
		{97E4C865-7B4F-4743-A1E8-BD484F86B0D0}.Release|Any CPU.ActiveCfg = Release|Any CPU
		{97E4C865-7B4F-4743-A1E8-BD484F86B0D0}.Release|Any CPU.Build.0 = Release|Any CPU
	EndGlobalSection
	GlobalSection(SolutionProperties) = preSolution
		HideSolutionNode = FALSE
	EndGlobalSection
	GlobalSection(ExtensibilityGlobals) = postSolution
		SolutionGuid = {569615E9-E713-42CD-A08F-E2F32DB7A251}
	EndGlobalSection
EndGlobal
